// !$*UTF8*$!
{
	archiveVersion = 1;
	classes = {
	};
	objectVersion = 51;
	objects = {

/* Begin PBXBuildFile section */
		7862C38303EE6F84F5E4752B /* Pods_Pushkin.framework in Frameworks */ = {isa = PBXBuildFile; fileRef = 533697D3460B108C73D55667 /* Pods_Pushkin.framework */; };
		889FD3A6233E5FA800227A7C /* AppDelegate.swift in Sources */ = {isa = PBXBuildFile; fileRef = 889FD3A5233E5FA800227A7C /* AppDelegate.swift */; };
		889FD3AA233E5FA800227A7C /* ViewController.swift in Sources */ = {isa = PBXBuildFile; fileRef = 889FD3A9233E5FA800227A7C /* ViewController.swift */; };
		889FD3AD233E5FA800227A7C /* Main.storyboard in Resources */ = {isa = PBXBuildFile; fileRef = 889FD3AB233E5FA800227A7C /* Main.storyboard */; };
		889FD3AF233E5FA900227A7C /* Assets.xcassets in Resources */ = {isa = PBXBuildFile; fileRef = 889FD3AE233E5FA900227A7C /* Assets.xcassets */; };
		889FD3B2233E5FA900227A7C /* LaunchScreen.storyboard in Resources */ = {isa = PBXBuildFile; fileRef = 889FD3B0233E5FA900227A7C /* LaunchScreen.storyboard */; };
		889FD3BA233E63E000227A7C /* ChatViewController.swift in Sources */ = {isa = PBXBuildFile; fileRef = 889FD3B9233E63E000227A7C /* ChatViewController.swift */; };
		889FD3BC233EAAD900227A7C /* SpeechView.swift in Sources */ = {isa = PBXBuildFile; fileRef = 889FD3BB233EAAD900227A7C /* SpeechView.swift */; };
		889FD3BE233EB14A00227A7C /* ChatService.swift in Sources */ = {isa = PBXBuildFile; fileRef = 889FD3BD233EB14A00227A7C /* ChatService.swift */; };
/* End PBXBuildFile section */

/* Begin PBXFileReference section */
		533697D3460B108C73D55667 /* Pods_Pushkin.framework */ = {isa = PBXFileReference; explicitFileType = wrapper.framework; includeInIndex = 0; path = Pods_Pushkin.framework; sourceTree = BUILT_PRODUCTS_DIR; };
		5E8A45599FBBC8D145CFC547 /* Pods-Pushkin.release.xcconfig */ = {isa = PBXFileReference; includeInIndex = 1; lastKnownFileType = text.xcconfig; name = "Pods-Pushkin.release.xcconfig"; path = "Target Support Files/Pods-Pushkin/Pods-Pushkin.release.xcconfig"; sourceTree = "<group>"; };
		889FD3A2233E5FA800227A7C /* Pushkin.app */ = {isa = PBXFileReference; explicitFileType = wrapper.application; includeInIndex = 0; path = Pushkin.app; sourceTree = BUILT_PRODUCTS_DIR; };
		889FD3A5233E5FA800227A7C /* AppDelegate.swift */ = {isa = PBXFileReference; lastKnownFileType = sourcecode.swift; path = AppDelegate.swift; sourceTree = "<group>"; };
		889FD3A9233E5FA800227A7C /* ViewController.swift */ = {isa = PBXFileReference; lastKnownFileType = sourcecode.swift; path = ViewController.swift; sourceTree = "<group>"; };
		889FD3AC233E5FA800227A7C /* Base */ = {isa = PBXFileReference; lastKnownFileType = file.storyboard; name = Base; path = Base.lproj/Main.storyboard; sourceTree = "<group>"; };
		889FD3AE233E5FA900227A7C /* Assets.xcassets */ = {isa = PBXFileReference; lastKnownFileType = folder.assetcatalog; path = Assets.xcassets; sourceTree = "<group>"; };
		889FD3B1233E5FA900227A7C /* Base */ = {isa = PBXFileReference; lastKnownFileType = file.storyboard; name = Base; path = Base.lproj/LaunchScreen.storyboard; sourceTree = "<group>"; };
		889FD3B3233E5FA900227A7C /* Info.plist */ = {isa = PBXFileReference; lastKnownFileType = text.plist.xml; path = Info.plist; sourceTree = "<group>"; };
		889FD3B9233E63E000227A7C /* ChatViewController.swift */ = {isa = PBXFileReference; lastKnownFileType = sourcecode.swift; path = ChatViewController.swift; sourceTree = "<group>"; };
		889FD3BB233EAAD900227A7C /* SpeechView.swift */ = {isa = PBXFileReference; lastKnownFileType = sourcecode.swift; path = SpeechView.swift; sourceTree = "<group>"; };
		889FD3BD233EB14A00227A7C /* ChatService.swift */ = {isa = PBXFileReference; lastKnownFileType = sourcecode.swift; path = ChatService.swift; sourceTree = "<group>"; };
		D85F953060E5726D5C991CE9 /* Pods-Pushkin.debug.xcconfig */ = {isa = PBXFileReference; includeInIndex = 1; lastKnownFileType = text.xcconfig; name = "Pods-Pushkin.debug.xcconfig"; path = "Target Support Files/Pods-Pushkin/Pods-Pushkin.debug.xcconfig"; sourceTree = "<group>"; };
/* End PBXFileReference section */

/* Begin PBXFrameworksBuildPhase section */
		889FD39F233E5FA800227A7C /* Frameworks */ = {
			isa = PBXFrameworksBuildPhase;
			buildActionMask = 2147483647;
			files = (
				7862C38303EE6F84F5E4752B /* Pods_Pushkin.framework in Frameworks */,
			);
			runOnlyForDeploymentPostprocessing = 0;
		};
/* End PBXFrameworksBuildPhase section */

/* Begin PBXGroup section */
		70E328165B04DF349A5C8D7C /* Pods */ = {
			isa = PBXGroup;
			children = (
				D85F953060E5726D5C991CE9 /* Pods-Pushkin.debug.xcconfig */,
				5E8A45599FBBC8D145CFC547 /* Pods-Pushkin.release.xcconfig */,
			);
			path = Pods;
			sourceTree = "<group>";
		};
		889FD399233E5FA800227A7C = {
			isa = PBXGroup;
			children = (
				889FD3A4233E5FA800227A7C /* Pushkin */,
				889FD3A3233E5FA800227A7C /* Products */,
				70E328165B04DF349A5C8D7C /* Pods */,
				93957260432FA2EA530F3858 /* Frameworks */,
			);
			sourceTree = "<group>";
		};
		889FD3A3233E5FA800227A7C /* Products */ = {
			isa = PBXGroup;
			children = (
				889FD3A2233E5FA800227A7C /* Pushkin.app */,
			);
			name = Products;
			sourceTree = "<group>";
		};
		889FD3A4233E5FA800227A7C /* Pushkin */ = {
			isa = PBXGroup;
			children = (
				889FD3A5233E5FA800227A7C /* AppDelegate.swift */,
				889FD3A9233E5FA800227A7C /* ViewController.swift */,
				889FD3B9233E63E000227A7C /* ChatViewController.swift */,
				889FD3BD233EB14A00227A7C /* ChatService.swift */,
				889FD3BB233EAAD900227A7C /* SpeechView.swift */,
				889FD3AB233E5FA800227A7C /* Main.storyboard */,
				889FD3AE233E5FA900227A7C /* Assets.xcassets */,
				889FD3B0233E5FA900227A7C /* LaunchScreen.storyboard */,
				889FD3B3233E5FA900227A7C /* Info.plist */,
			);
			path = Pushkin;
			sourceTree = "<group>";
		};
		93957260432FA2EA530F3858 /* Frameworks */ = {
			isa = PBXGroup;
			children = (
				533697D3460B108C73D55667 /* Pods_Pushkin.framework */,
			);
			name = Frameworks;
			sourceTree = "<group>";
		};
/* End PBXGroup section */

/* Begin PBXNativeTarget section */
		889FD3A1233E5FA800227A7C /* Pushkin */ = {
			isa = PBXNativeTarget;
			buildConfigurationList = 889FD3B6233E5FA900227A7C /* Build configuration list for PBXNativeTarget "Pushkin" */;
			buildPhases = (
				2D3AD4AAAAA168AEA547F7E7 /* [CP] Check Pods Manifest.lock */,
				889FD39E233E5FA800227A7C /* Sources */,
				889FD39F233E5FA800227A7C /* Frameworks */,
				889FD3A0233E5FA800227A7C /* Resources */,
				F39B24163E4B6FBCEBC241E0 /* [CP] Embed Pods Frameworks */,
			);
			buildRules = (
			);
			dependencies = (
			);
			name = Pushkin;
			productName = Pushkin;
			productReference = 889FD3A2233E5FA800227A7C /* Pushkin.app */;
			productType = "com.apple.product-type.application";
		};
/* End PBXNativeTarget section */

/* Begin PBXProject section */
		889FD39A233E5FA800227A7C /* Project object */ = {
			isa = PBXProject;
			attributes = {
				LastSwiftUpdateCheck = 1100;
				LastUpgradeCheck = 1100;
				ORGANIZATIONNAME = "Alexey Salangin";
				TargetAttributes = {
					889FD3A1233E5FA800227A7C = {
						CreatedOnToolsVersion = 11.0;
					};
				};
			};
			buildConfigurationList = 889FD39D233E5FA800227A7C /* Build configuration list for PBXProject "Pushkin" */;
			compatibilityVersion = "Xcode 9.3";
			developmentRegion = en;
			hasScannedForEncodings = 0;
			knownRegions = (
				en,
				Base,
			);
			mainGroup = 889FD399233E5FA800227A7C;
			productRefGroup = 889FD3A3233E5FA800227A7C /* Products */;
			projectDirPath = "";
			projectRoot = "";
			targets = (
				889FD3A1233E5FA800227A7C /* Pushkin */,
			);
		};
/* End PBXProject section */

/* Begin PBXResourcesBuildPhase section */
		889FD3A0233E5FA800227A7C /* Resources */ = {
			isa = PBXResourcesBuildPhase;
			buildActionMask = 2147483647;
			files = (
				889FD3B2233E5FA900227A7C /* LaunchScreen.storyboard in Resources */,
				889FD3AF233E5FA900227A7C /* Assets.xcassets in Resources */,
				889FD3AD233E5FA800227A7C /* Main.storyboard in Resources */,
			);
			runOnlyForDeploymentPostprocessing = 0;
		};
/* End PBXResourcesBuildPhase section */

/* Begin PBXShellScriptBuildPhase section */
		2D3AD4AAAAA168AEA547F7E7 /* [CP] Check Pods Manifest.lock */ = {
			isa = PBXShellScriptBuildPhase;
			buildActionMask = 2147483647;
			files = (
			);
			inputFileListPaths = (
			);
			inputPaths = (
				"${PODS_PODFILE_DIR_PATH}/Podfile.lock",
				"${PODS_ROOT}/Manifest.lock",
			);
			name = "[CP] Check Pods Manifest.lock";
			outputFileListPaths = (
			);
			outputPaths = (
				"$(DERIVED_FILE_DIR)/Pods-Pushkin-checkManifestLockResult.txt",
			);
			runOnlyForDeploymentPostprocessing = 0;
			shellPath = /bin/sh;
			shellScript = "diff \"${PODS_PODFILE_DIR_PATH}/Podfile.lock\" \"${PODS_ROOT}/Manifest.lock\" > /dev/null\nif [ $? != 0 ] ; then\n    # print error to STDERR\n    echo \"error: The sandbox is not in sync with the Podfile.lock. Run 'pod install' or update your CocoaPods installation.\" >&2\n    exit 1\nfi\n# This output is used by Xcode 'outputs' to avoid re-running this script phase.\necho \"SUCCESS\" > \"${SCRIPT_OUTPUT_FILE_0}\"\n";
			showEnvVarsInLog = 0;
		};
		F39B24163E4B6FBCEBC241E0 /* [CP] Embed Pods Frameworks */ = {
			isa = PBXShellScriptBuildPhase;
			buildActionMask = 2147483647;
			files = (
			);
			inputFileListPaths = (
				"${PODS_ROOT}/Target Support Files/Pods-Pushkin/Pods-Pushkin-frameworks-${CONFIGURATION}-input-files.xcfilelist",
			);
			name = "[CP] Embed Pods Frameworks";
			outputFileListPaths = (
				"${PODS_ROOT}/Target Support Files/Pods-Pushkin/Pods-Pushkin-frameworks-${CONFIGURATION}-output-files.xcfilelist",
			);
			runOnlyForDeploymentPostprocessing = 0;
			shellPath = /bin/sh;
			shellScript = "\"${PODS_ROOT}/Target Support Files/Pods-Pushkin/Pods-Pushkin-frameworks.sh\"\n";
			showEnvVarsInLog = 0;
		};
/* End PBXShellScriptBuildPhase section */

/* Begin PBXSourcesBuildPhase section */
		889FD39E233E5FA800227A7C /* Sources */ = {
			isa = PBXSourcesBuildPhase;
			buildActionMask = 2147483647;
			files = (
				889FD3AA233E5FA800227A7C /* ViewController.swift in Sources */,
				889FD3A6233E5FA800227A7C /* AppDelegate.swift in Sources */,
				889FD3BC233EAAD900227A7C /* SpeechView.swift in Sources */,
				889FD3BE233EB14A00227A7C /* ChatService.swift in Sources */,
				889FD3BA233E63E000227A7C /* ChatViewController.swift in Sources */,
			);
			runOnlyForDeploymentPostprocessing = 0;
		};
/* End PBXSourcesBuildPhase section */

/* Begin PBXVariantGroup section */
		889FD3AB233E5FA800227A7C /* Main.storyboard */ = {
			isa = PBXVariantGroup;
			children = (
				889FD3AC233E5FA800227A7C /* Base */,
			);
			name = Main.storyboard;
			sourceTree = "<group>";
		};
		889FD3B0233E5FA900227A7C /* LaunchScreen.storyboard */ = {
			isa = PBXVariantGroup;
			children = (
				889FD3B1233E5FA900227A7C /* Base */,
			);
			name = LaunchScreen.storyboard;
			sourceTree = "<group>";
		};
/* End PBXVariantGroup section */

/* Begin XCBuildConfiguration section */
		889FD3B4233E5FA900227A7C /* Debug */ = {
			isa = XCBuildConfiguration;
			buildSettings = {
				ALWAYS_SEARCH_USER_PATHS = NO;
				CLANG_ANALYZER_NONNULL = YES;
				CLANG_ANALYZER_NUMBER_OBJECT_CONVERSION = YES_AGGRESSIVE;
				CLANG_CXX_LANGUAGE_STANDARD = "gnu++14";
				CLANG_CXX_LIBRARY = "libc++";
				CLANG_ENABLE_MODULES = YES;
				CLANG_ENABLE_OBJC_ARC = YES;
				CLANG_ENABLE_OBJC_WEAK = YES;
				CLANG_WARN_BLOCK_CAPTURE_AUTORELEASING = YES;
				CLANG_WARN_BOOL_CONVERSION = YES;
				CLANG_WARN_COMMA = YES;
				CLANG_WARN_CONSTANT_CONVERSION = YES;
				CLANG_WARN_DEPRECATED_OBJC_IMPLEMENTATIONS = YES;
				CLANG_WARN_DIRECT_OBJC_ISA_USAGE = YES_ERROR;
				CLANG_WARN_DOCUMENTATION_COMMENTS = YES;
				CLANG_WARN_EMPTY_BODY = YES;
				CLANG_WARN_ENUM_CONVERSION = YES;
				CLANG_WARN_INFINITE_RECURSION = YES;
				CLANG_WARN_INT_CONVERSION = YES;
				CLANG_WARN_NON_LITERAL_NULL_CONVERSION = YES;
				CLANG_WARN_OBJC_IMPLICIT_RETAIN_SELF = YES;
				CLANG_WARN_OBJC_LITERAL_CONVERSION = YES;
				CLANG_WARN_OBJC_ROOT_CLASS = YES_ERROR;
				CLANG_WARN_RANGE_LOOP_ANALYSIS = YES;
				CLANG_WARN_STRICT_PROTOTYPES = YES;
				CLANG_WARN_SUSPICIOUS_MOVE = YES;
				CLANG_WARN_UNGUARDED_AVAILABILITY = YES_AGGRESSIVE;
				CLANG_WARN_UNREACHABLE_CODE = YES;
				CLANG_WARN__DUPLICATE_METHOD_MATCH = YES;
				COPY_PHASE_STRIP = NO;
				DEBUG_INFORMATION_FORMAT = dwarf;
				ENABLE_STRICT_OBJC_MSGSEND = YES;
				ENABLE_TESTABILITY = YES;
				GCC_C_LANGUAGE_STANDARD = gnu11;
				GCC_DYNAMIC_NO_PIC = NO;
				GCC_NO_COMMON_BLOCKS = YES;
				GCC_OPTIMIZATION_LEVEL = 0;
				GCC_PREPROCESSOR_DEFINITIONS = (
					"DEBUG=1",
					"$(inherited)",
				);
				GCC_WARN_64_TO_32_BIT_CONVERSION = YES;
				GCC_WARN_ABOUT_RETURN_TYPE = YES_ERROR;
				GCC_WARN_UNDECLARED_SELECTOR = YES;
				GCC_WARN_UNINITIALIZED_AUTOS = YES_AGGRESSIVE;
				GCC_WARN_UNUSED_FUNCTION = YES;
				GCC_WARN_UNUSED_VARIABLE = YES;
				IPHONEOS_DEPLOYMENT_TARGET = 13.0;
				MTL_ENABLE_DEBUG_INFO = INCLUDE_SOURCE;
				MTL_FAST_MATH = YES;
				ONLY_ACTIVE_ARCH = YES;
				SDKROOT = iphoneos;
				SWIFT_ACTIVE_COMPILATION_CONDITIONS = DEBUG;
				SWIFT_OPTIMIZATION_LEVEL = "-Onone";
			};
			name = Debug;
		};
		889FD3B5233E5FA900227A7C /* Release */ = {
			isa = XCBuildConfiguration;
			buildSettings = {
				ALWAYS_SEARCH_USER_PATHS = NO;
				CLANG_ANALYZER_NONNULL = YES;
				CLANG_ANALYZER_NUMBER_OBJECT_CONVERSION = YES_AGGRESSIVE;
				CLANG_CXX_LANGUAGE_STANDARD = "gnu++14";
				CLANG_CXX_LIBRARY = "libc++";
				CLANG_ENABLE_MODULES = YES;
				CLANG_ENABLE_OBJC_ARC = YES;
				CLANG_ENABLE_OBJC_WEAK = YES;
				CLANG_WARN_BLOCK_CAPTURE_AUTORELEASING = YES;
				CLANG_WARN_BOOL_CONVERSION = YES;
				CLANG_WARN_COMMA = YES;
				CLANG_WARN_CONSTANT_CONVERSION = YES;
				CLANG_WARN_DEPRECATED_OBJC_IMPLEMENTATIONS = YES;
				CLANG_WARN_DIRECT_OBJC_ISA_USAGE = YES_ERROR;
				CLANG_WARN_DOCUMENTATION_COMMENTS = YES;
				CLANG_WARN_EMPTY_BODY = YES;
				CLANG_WARN_ENUM_CONVERSION = YES;
				CLANG_WARN_INFINITE_RECURSION = YES;
				CLANG_WARN_INT_CONVERSION = YES;
				CLANG_WARN_NON_LITERAL_NULL_CONVERSION = YES;
				CLANG_WARN_OBJC_IMPLICIT_RETAIN_SELF = YES;
				CLANG_WARN_OBJC_LITERAL_CONVERSION = YES;
				CLANG_WARN_OBJC_ROOT_CLASS = YES_ERROR;
				CLANG_WARN_RANGE_LOOP_ANALYSIS = YES;
				CLANG_WARN_STRICT_PROTOTYPES = YES;
				CLANG_WARN_SUSPICIOUS_MOVE = YES;
				CLANG_WARN_UNGUARDED_AVAILABILITY = YES_AGGRESSIVE;
				CLANG_WARN_UNREACHABLE_CODE = YES;
				CLANG_WARN__DUPLICATE_METHOD_MATCH = YES;
				COPY_PHASE_STRIP = NO;
				DEBUG_INFORMATION_FORMAT = "dwarf-with-dsym";
				ENABLE_NS_ASSERTIONS = NO;
				ENABLE_STRICT_OBJC_MSGSEND = YES;
				GCC_C_LANGUAGE_STANDARD = gnu11;
				GCC_NO_COMMON_BLOCKS = YES;
				GCC_WARN_64_TO_32_BIT_CONVERSION = YES;
				GCC_WARN_ABOUT_RETURN_TYPE = YES_ERROR;
				GCC_WARN_UNDECLARED_SELECTOR = YES;
				GCC_WARN_UNINITIALIZED_AUTOS = YES_AGGRESSIVE;
				GCC_WARN_UNUSED_FUNCTION = YES;
				GCC_WARN_UNUSED_VARIABLE = YES;
				IPHONEOS_DEPLOYMENT_TARGET = 13.0;
				MTL_ENABLE_DEBUG_INFO = NO;
				MTL_FAST_MATH = YES;
				SDKROOT = iphoneos;
				SWIFT_COMPILATION_MODE = wholemodule;
				SWIFT_OPTIMIZATION_LEVEL = "-O";
				VALIDATE_PRODUCT = YES;
			};
			name = Release;
		};
		889FD3B7233E5FA900227A7C /* Debug */ = {
			isa = XCBuildConfiguration;
			baseConfigurationReference = D85F953060E5726D5C991CE9 /* Pods-Pushkin.debug.xcconfig */;
			buildSettings = {
				ASSETCATALOG_COMPILER_APPICON_NAME = AppIcon;
				CODE_SIGN_STYLE = Automatic;
				DEVELOPMENT_TEAM = GLQY2SH5YN;
				INFOPLIST_FILE = Pushkin/Info.plist;
				LD_RUNPATH_SEARCH_PATHS = (
					"$(inherited)",
					"@executable_path/Frameworks",
				);
				PRODUCT_BUNDLE_IDENTIFIER = com.magauran.Pushkin;
				PRODUCT_NAME = "$(TARGET_NAME)";
				SWIFT_VERSION = 5.0;
				TARGETED_DEVICE_FAMILY = "1,2";
			};
			name = Debug;
		};
		889FD3B8233E5FA900227A7C /* Release */ = {
			isa = XCBuildConfiguration;
			baseConfigurationReference = 5E8A45599FBBC8D145CFC547 /* Pods-Pushkin.release.xcconfig */;
			buildSettings = {
				ASSETCATALOG_COMPILER_APPICON_NAME = AppIcon;
				CODE_SIGN_STYLE = Automatic;
				DEVELOPMENT_TEAM = GLQY2SH5YN;
				INFOPLIST_FILE = Pushkin/Info.plist;
				LD_RUNPATH_SEARCH_PATHS = (
					"$(inherited)",
					"@executable_path/Frameworks",
				);
				PRODUCT_BUNDLE_IDENTIFIER = com.magauran.Pushkin;
				PRODUCT_NAME = "$(TARGET_NAME)";
				SWIFT_VERSION = 5.0;
				TARGETED_DEVICE_FAMILY = "1,2";
			};
			name = Release;
		};
/* End XCBuildConfiguration section */

/* Begin XCConfigurationList section */
		889FD39D233E5FA800227A7C /* Build configuration list for PBXProject "Pushkin" */ = {
			isa = XCConfigurationList;
			buildConfigurations = (
				889FD3B4233E5FA900227A7C /* Debug */,
				889FD3B5233E5FA900227A7C /* Release */,
			);
			defaultConfigurationIsVisible = 0;
			defaultConfigurationName = Release;
		};
		889FD3B6233E5FA900227A7C /* Build configuration list for PBXNativeTarget "Pushkin" */ = {
			isa = XCConfigurationList;
			buildConfigurations = (
				889FD3B7233E5FA900227A7C /* Debug */,
				889FD3B8233E5FA900227A7C /* Release */,
			);
			defaultConfigurationIsVisible = 0;
			defaultConfigurationName = Release;
		};
/* End XCConfigurationList section */
	};
	rootObject = 889FD39A233E5FA800227A7C /* Project object */;
}
