// !$*UTF8*$!
{
	archiveVersion = 1;
	classes = {
	};
	objectVersion = 50;
	objects = {

/* Begin PBXBuildFile section */
		889FD3A6233E5FA800227A7C /* AppDelegate.swift in Sources */ = {isa = PBXBuildFile; fileRef = 889FD3A5233E5FA800227A7C /* AppDelegate.swift */; };
		889FD3A8233E5FA800227A7C /* SceneDelegate.swift in Sources */ = {isa = PBXBuildFile; fileRef = 889FD3A7233E5FA800227A7C /* SceneDelegate.swift */; };
		889FD3AA233E5FA800227A7C /* ViewController.swift in Sources */ = {isa = PBXBuildFile; fileRef = 889FD3A9233E5FA800227A7C /* ViewController.swift */; };
		889FD3AD233E5FA800227A7C /* Main.storyboard in Resources */ = {isa = PBXBuildFile; fileRef = 889FD3AB233E5FA800227A7C /* Main.storyboard */; };
		889FD3AF233E5FA900227A7C /* Assets.xcassets in Resources */ = {isa = PBXBuildFile; fileRef = 889FD3AE233E5FA900227A7C /* Assets.xcassets */; };
		889FD3B2233E5FA900227A7C /* LaunchScreen.storyboard in Resources */ = {isa = PBXBuildFile; fileRef = 889FD3B0233E5FA900227A7C /* LaunchScreen.storyboard */; };
/* End PBXBuildFile section */

/* Begin PBXFileReference section */
		889FD3A2233E5FA800227A7C /* Pushkin.app */ = {isa = PBXFileReference; explicitFileType = wrapper.application; includeInIndex = 0; path = Pushkin.app; sourceTree = BUILT_PRODUCTS_DIR; };
		889FD3A5233E5FA800227A7C /* AppDelegate.swift */ = {isa = PBXFileReference; lastKnownFileType = sourcecode.swift; path = AppDelegate.swift; sourceTree = "<group>"; };
		889FD3A7233E5FA800227A7C /* SceneDelegate.swift */ = {isa = PBXFileReference; lastKnownFileType = sourcecode.swift; path = SceneDelegate.swift; sourceTree = "<group>"; };
		889FD3A9233E5FA800227A7C /* ViewController.swift */ = {isa = PBXFileReference; lastKnownFileType = sourcecode.swift; path = ViewController.swift; sourceTree = "<group>"; };
		889FD3AC233E5FA800227A7C /* Base */ = {isa = PBXFileReference; lastKnownFileType = file.storyboard; name = Base; path = Base.lproj/Main.storyboard; sourceTree = "<group>"; };
		889FD3AE233E5FA900227A7C /* Assets.xcassets */ = {isa = PBXFileReference; lastKnownFileType = folder.assetcatalog; path = Assets.xcassets; sourceTree = "<group>"; };
		889FD3B1233E5FA900227A7C /* Base */ = {isa = PBXFileReference; lastKnownFileType = file.storyboard; name = Base; path = Base.lproj/LaunchScreen.storyboard; sourceTree = "<group>"; };
		889FD3B3233E5FA900227A7C /* Info.plist */ = {isa = PBXFileReference; lastKnownFileType = text.plist.xml; path = Info.plist; sourceTree = "<group>"; };
/* End PBXFileReference section */

/* Begin PBXFrameworksBuildPhase section */
		889FD39F233E5FA800227A7C /* Frameworks */ = {
			isa = PBXFrameworksBuildPhase;
			buildActionMask = 2147483647;
			files = (
			);
			runOnlyForDeploymentPostprocessing = 0;
		};
/* End PBXFrameworksBuildPhase section */

/* Begin PBXGroup section */
		889FD399233E5FA800227A7C = {
			isa = PBXGroup;
			children = (
				889FD3A4233E5FA800227A7C /* Pushkin */,
				889FD3A3233E5FA800227A7C /* Products */,
			);
			sourceTree = "<group>";
		};
		889FD3A3233E5FA800227A7C /* Products */ = {
			isa = PBXGroup;
			children = (
				889FD3A2233E5FA800227A7C /* Pushkin.app */,
			);
			name = Products;
			sourceTree = "<group>";
		};
		889FD3A4233E5FA800227A7C /* Pushkin */ = {
			isa = PBXGroup;
			children = (
				889FD3A5233E5FA800227A7C /* AppDelegate.swift */,
				889FD3A7233E5FA800227A7C /* SceneDelegate.swift */,
				889FD3A9233E5FA800227A7C /* ViewController.swift */,
				889FD3AB233E5FA800227A7C /* Main.storyboard */,
				889FD3AE233E5FA900227A7C /* Assets.xcassets */,
				889FD3B0233E5FA900227A7C /* LaunchScreen.storyboard */,
				889FD3B3233E5FA900227A7C /* Info.plist */,
			);
			path = Pushkin;
			sourceTree = "<group>";
		};
/* End PBXGroup section */

/* Begin PBXNativeTarget section */
		889FD3A1233E5FA800227A7C /* Pushkin */ = {
			isa = PBXNativeTarget;
			buildConfigurationList = 889FD3B6233E5FA900227A7C /* Build configuration list for PBXNativeTarget "Pushkin" */;
			buildPhases = (
				889FD39E233E5FA800227A7C /* Sources */,
				889FD39F233E5FA800227A7C /* Frameworks */,
				889FD3A0233E5FA800227A7C /* Resources */,
			);
			buildRules = (
			);
			dependencies = (
			);
			name = Pushkin;
			productName = Pushkin;
			productReference = 889FD3A2233E5FA800227A7C /* Pushkin.app */;
			productType = "com.apple.product-type.application";
		};
/* End PBXNativeTarget section */

/* Begin PBXProject section */
		889FD39A233E5FA800227A7C /* Project object */ = {
			isa = PBXProject;
			attributes = {
				LastSwiftUpdateCheck = 1100;
				LastUpgradeCheck = 1100;
				ORGANIZATIONNAME = "Alexey Salangin";
				TargetAttributes = {
					889FD3A1233E5FA800227A7C = {
						CreatedOnToolsVersion = 11.0;
					};
				};
			};
			buildConfigurationList = 889FD39D233E5FA800227A7C /* Build configuration list for PBXProject "Pushkin" */;
			compatibilityVersion = "Xcode 9.3";
			developmentRegion = en;
			hasScannedForEncodings = 0;
			knownRegions = (
				en,
				Base,
			);
			mainGroup = 889FD399233E5FA800227A7C;
			productRefGroup = 889FD3A3233E5FA800227A7C /* Products */;
			projectDirPath = "";
			projectRoot = "";
			targets = (
				889FD3A1233E5FA800227A7C /* Pushkin */,
			);
		};
/* End PBXProject section */

/* Begin PBXResourcesBuildPhase section */
		889FD3A0233E5FA800227A7C /* Resources */ = {
			isa = PBXResourcesBuildPhase;
			buildActionMask = 2147483647;
			files = (
				889FD3B2233E5FA900227A7C /* LaunchScreen.storyboard in Resources */,
				889FD3AF233E5FA900227A7C /* Assets.xcassets in Resources */,
				889FD3AD233E5FA800227A7C /* Main.storyboard in Resources */,
			);
			runOnlyForDeploymentPostprocessing = 0;
		};
/* End PBXResourcesBuildPhase section */

/* Begin PBXSourcesBuildPhase section */
		889FD39E233E5FA800227A7C /* Sources */ = {
			isa = PBXSourcesBuildPhase;
			buildActionMask = 2147483647;
			files = (
				889FD3AA233E5FA800227A7C /* ViewController.swift in Sources */,
				889FD3A6233E5FA800227A7C /* AppDelegate.swift in Sources */,
				889FD3A8233E5FA800227A7C /* SceneDelegate.swift in Sources */,
			);
			runOnlyForDeploymentPostprocessing = 0;
		};
/* End PBXSourcesBuildPhase section */

/* Begin PBXVariantGroup section */
		889FD3AB233E5FA800227A7C /* Main.storyboard */ = {
			isa = PBXVariantGroup;
			children = (
				889FD3AC233E5FA800227A7C /* Base */,
			);
			name = Main.storyboard;
			sourceTree = "<group>";
		};
		889FD3B0233E5FA900227A7C /* LaunchScreen.storyboard */ = {
			isa = PBXVariantGroup;
			children = (
				889FD3B1233E5FA900227A7C /* Base */,
			);
			name = LaunchScreen.storyboard;
			sourceTree = "<group>";
		};
/* End PBXVariantGroup section */

/* Begin XCBuildConfiguration section */
		889FD3B4233E5FA900227A7C /* Debug */ = {
			isa = XCBuildConfiguration;
			buildSettings = {
				ALWAYS_SEARCH_USER_PATHS = NO;
				CLANG_ANALYZER_NONNULL = YES;
				CLANG_ANALYZER_NUMBER_OBJECT_CONVERSION = YES_AGGRESSIVE;
				CLANG_CXX_LANGUAGE_STANDARD = "gnu++14";
				CLANG_CXX_LIBRARY = "libc++";
				CLANG_ENABLE_MODULES = YES;
				CLANG_ENABLE_OBJC_ARC = YES;
				CLANG_ENABLE_OBJC_WEAK = YES;
				CLANG_WARN_BLOCK_CAPTURE_AUTORELEASING = YES;
				CLANG_WARN_BOOL_CONVERSION = YES;
				CLANG_WARN_COMMA = YES;
				CLANG_WARN_CONSTANT_CONVERSION = YES;
				CLANG_WARN_DEPRECATED_OBJC_IMPLEMENTATIONS = YES;
				CLANG_WARN_DIRECT_OBJC_ISA_USAGE = YES_ERROR;
				CLANG_WARN_DOCUMENTATION_COMMENTS = YES;
				CLANG_WARN_EMPTY_BODY = YES;
				CLANG_WARN_ENUM_CONVERSION = YES;
				CLANG_WARN_INFINITE_RECURSION = YES;
				CLANG_WARN_INT_CONVERSION = YES;
				CLANG_WARN_NON_LITERAL_NULL_CONVERSION = YES;
				CLANG_WARN_OBJC_IMPLICIT_RETAIN_SELF = YES;
				CLANG_WARN_OBJC_LITERAL_CONVERSION = YES;
				CLANG_WARN_OBJC_ROOT_CLASS = YES_ERROR;
				CLANG_WARN_RANGE_LOOP_ANALYSIS = YES;
				CLANG_WARN_STRICT_PROTOTYPES = YES;
				CLANG_WARN_SUSPICIOUS_MOVE = YES;
				CLANG_WARN_UNGUARDED_AVAILABILITY = YES_AGGRESSIVE;
				CLANG_WARN_UNREACHABLE_CODE = YES;
				CLANG_WARN__DUPLICATE_METHOD_MATCH = YES;
				COPY_PHASE_STRIP = NO;
				DEBUG_INFORMATION_FORMAT = dwarf;
				ENABLE_STRICT_OBJC_MSGSEND = YES;
				ENABLE_TESTABILITY = YES;
				GCC_C_LANGUAGE_STANDARD = gnu11;
				GCC_DYNAMIC_NO_PIC = NO;
				GCC_NO_COMMON_BLOCKS = YES;
				GCC_OPTIMIZATION_LEVEL = 0;
				GCC_PREPROCESSOR_DEFINITIONS = (
					"DEBUG=1",
					"$(inherited)",
				);
				GCC_WARN_64_TO_32_BIT_CONVERSION = YES;
				GCC_WARN_ABOUT_RETURN_TYPE = YES_ERROR;
				GCC_WARN_UNDECLARED_SELECTOR = YES;
				GCC_WARN_UNINITIALIZED_AUTOS = YES_AGGRESSIVE;
				GCC_WARN_UNUSED_FUNCTION = YES;
				GCC_WARN_UNUSED_VARIABLE = YES;
				IPHONEOS_DEPLOYMENT_TARGET = 13.0;
				MTL_ENABLE_DEBUG_INFO = INCLUDE_SOURCE;
				MTL_FAST_MATH = YES;
				ONLY_ACTIVE_ARCH = YES;
				SDKROOT = iphoneos;
				SWIFT_ACTIVE_COMPILATION_CONDITIONS = DEBUG;
				SWIFT_OPTIMIZATION_LEVEL = "-Onone";
			};
			name = Debug;
		};
		889FD3B5233E5FA900227A7C /* Release */ = {
			isa = XCBuildConfiguration;
			buildSettings = {
				ALWAYS_SEARCH_USER_PATHS = NO;
				CLANG_ANALYZER_NONNULL = YES;
				CLANG_ANALYZER_NUMBER_OBJECT_CONVERSION = YES_AGGRESSIVE;
				CLANG_CXX_LANGUAGE_STANDARD = "gnu++14";
				CLANG_CXX_LIBRARY = "libc++";
				CLANG_ENABLE_MODULES = YES;
				CLANG_ENABLE_OBJC_ARC = YES;
				CLANG_ENABLE_OBJC_WEAK = YES;
				CLANG_WARN_BLOCK_CAPTURE_AUTORELEASING = YES;
				CLANG_WARN_BOOL_CONVERSION = YES;
				CLANG_WARN_COMMA = YES;
				CLANG_WARN_CONSTANT_CONVERSION = YES;
				CLANG_WARN_DEPRECATED_OBJC_IMPLEMENTATIONS = YES;
				CLANG_WARN_DIRECT_OBJC_ISA_USAGE = YES_ERROR;
				CLANG_WARN_DOCUMENTATION_COMMENTS = YES;
				CLANG_WARN_EMPTY_BODY = YES;
				CLANG_WARN_ENUM_CONVERSION = YES;
				CLANG_WARN_INFINITE_RECURSION = YES;
				CLANG_WARN_INT_CONVERSION = YES;
				CLANG_WARN_NON_LITERAL_NULL_CONVERSION = YES;
				CLANG_WARN_OBJC_IMPLICIT_RETAIN_SELF = YES;
				CLANG_WARN_OBJC_LITERAL_CONVERSION = YES;
				CLANG_WARN_OBJC_ROOT_CLASS = YES_ERROR;
				CLANG_WARN_RANGE_LOOP_ANALYSIS = YES;
				CLANG_WARN_STRICT_PROTOTYPES = YES;
				CLANG_WARN_SUSPICIOUS_MOVE = YES;
				CLANG_WARN_UNGUARDED_AVAILABILITY = YES_AGGRESSIVE;
				CLANG_WARN_UNREACHABLE_CODE = YES;
				CLANG_WARN__DUPLICATE_METHOD_MATCH = YES;
				COPY_PHASE_STRIP = NO;
				DEBUG_INFORMATION_FORMAT = "dwarf-with-dsym";
				ENABLE_NS_ASSERTIONS = NO;
				ENABLE_STRICT_OBJC_MSGSEND = YES;
				GCC_C_LANGUAGE_STANDARD = gnu11;
				GCC_NO_COMMON_BLOCKS = YES;
				GCC_WARN_64_TO_32_BIT_CONVERSION = YES;
				GCC_WARN_ABOUT_RETURN_TYPE = YES_ERROR;
				GCC_WARN_UNDECLARED_SELECTOR = YES;
				GCC_WARN_UNINITIALIZED_AUTOS = YES_AGGRESSIVE;
				GCC_WARN_UNUSED_FUNCTION = YES;
				GCC_WARN_UNUSED_VARIABLE = YES;
				IPHONEOS_DEPLOYMENT_TARGET = 13.0;
				MTL_ENABLE_DEBUG_INFO = NO;
				MTL_FAST_MATH = YES;
				SDKROOT = iphoneos;
				SWIFT_COMPILATION_MODE = wholemodule;
				SWIFT_OPTIMIZATION_LEVEL = "-O";
				VALIDATE_PRODUCT = YES;
			};
			name = Release;
		};
		889FD3B7233E5FA900227A7C /* Debug */ = {
			isa = XCBuildConfiguration;
			buildSettings = {
				ASSETCATALOG_COMPILER_APPICON_NAME = AppIcon;
				CODE_SIGN_STYLE = Automatic;
				DEVELOPMENT_TEAM = GLQY2SH5YN;
				INFOPLIST_FILE = Pushkin/Info.plist;
				LD_RUNPATH_SEARCH_PATHS = (
					"$(inherited)",
					"@executable_path/Frameworks",
				);
				PRODUCT_BUNDLE_IDENTIFIER = com.magauran.Pushkin;
				PRODUCT_NAME = "$(TARGET_NAME)";
				SWIFT_VERSION = 5.0;
				TARGETED_DEVICE_FAMILY = "1,2";
			};
			name = Debug;
		};
		889FD3B8233E5FA900227A7C /* Release */ = {
			isa = XCBuildConfiguration;
			buildSettings = {
				ASSETCATALOG_COMPILER_APPICON_NAME = AppIcon;
				CODE_SIGN_STYLE = Automatic;
				DEVELOPMENT_TEAM = GLQY2SH5YN;
				INFOPLIST_FILE = Pushkin/Info.plist;
				LD_RUNPATH_SEARCH_PATHS = (
					"$(inherited)",
					"@executable_path/Frameworks",
				);
				PRODUCT_BUNDLE_IDENTIFIER = com.magauran.Pushkin;
				PRODUCT_NAME = "$(TARGET_NAME)";
				SWIFT_VERSION = 5.0;
				TARGETED_DEVICE_FAMILY = "1,2";
			};
			name = Release;
		};
/* End XCBuildConfiguration section */

/* Begin XCConfigurationList section */
		889FD39D233E5FA800227A7C /* Build configuration list for PBXProject "Pushkin" */ = {
			isa = XCConfigurationList;
			buildConfigurations = (
				889FD3B4233E5FA900227A7C /* Debug */,
				889FD3B5233E5FA900227A7C /* Release */,
			);
			defaultConfigurationIsVisible = 0;
			defaultConfigurationName = Release;
		};
		889FD3B6233E5FA900227A7C /* Build configuration list for PBXNativeTarget "Pushkin" */ = {
			isa = XCConfigurationList;
			buildConfigurations = (
				889FD3B7233E5FA900227A7C /* Debug */,
				889FD3B8233E5FA900227A7C /* Release */,
			);
			defaultConfigurationIsVisible = 0;
			defaultConfigurationName = Release;
		};
/* End XCConfigurationList section */
	};
	rootObject = 889FD39A233E5FA800227A7C /* Project object */;
}
